{
  "version": 4,
  "terraform_version": "1.15.2",
  "serial": 45,
  "lineage": "f753b957-ede1-a484-7348-53a7f956d2fd",
  "outputs": {
    "primary_key_vault": {
      "value": "app-kv-2026-oce-hkthon",
      "type": "string"
    },
    "primary_resource_group": {
      "value": "hk-2026-rg",
      "type": "string"
    },
    "primary_storage_account": {
      "value": "apphackathon2026",
      "type": "string"
    },
    "primary_vm_name": {
      "value": "vm2",
      "type": "string"
    }
  },
  "resources": [
    {
      "mode": "data",
      "type": "azurerm_client_config",
      "name": "current",
      "provider": "provider[\"registry.terraform.io/hashicorp/azurerm\"]",
      "instances": [
        {
          "schema_version": 0,
          "attributes": {
            "client_id": "04b07795-8ddb-461a-bbee-02f9e1bf7b46",
            "id": "Y2xpZW50Q29uZmlncy9jbGllbnRJZD0wNGIwNzc5NS04ZGRiLTQ2MWEtYmJlZS0wMmY5ZTFiZjdiNDY7b2JqZWN0SWQ9MWZlOGJhMzctYTM1ZC00YzI4LWE4MjQtMjdmYjlkOWFiN2I3O3N1YnNjcmlwdGlvbklkPTQ2Y2IzOTg2LTZhZDEtNDgxNC05YTg2LWFkMzZkNWQzOTQ1ZTt0ZW5hbnRJZD01Yzc0MGY0My1kMWE5LTRiODItODRhMy1hNTZiNmRkNWUwYmQ=",
            "object_id": "1fe8ba37-a35d-4c28-a824-27fb9d9ab7b7",
            "subscription_id": "46cb3986-6ad1-4814-9a86-ad36d5d3945e",
            "tenant_id": "5c740f43-d1a9-4b82-84a3-a56b6dd5e0bd",
            "timeouts": null
          },
          "sensitive_attributes": [],
          "identity_schema_version": 0
        }
      ]
    },
    {
      "mode": "managed",
      "type": "azurerm_resource_group",
      "name": "primary",
      "provider": "provider[\"registry.terraform.io/hashicorp/azurerm\"]",
      "instances": [
        {
          "schema_version": 0,
          "attributes": {
            "id": "/subscriptions/46cb3986-6ad1-4814-9a86-ad36d5d3945e/resourceGroups/hk-2026-rg",
            "location": "northcentralus",
            "managed_by": "",
            "name": "hk-2026-rg",
            "tags": null,
            "timeouts": null
          },
          "sensitive_attributes": [],
          "identity_schema_version": 0,
          "identity": {
            "name": "hk-2026-rg",
            "subscription_id": "46cb3986-6ad1-4814-9a86-ad36d5d3945e"
          },
          "private": "eyJlMmJmYjczMC1lY2FhLTExZTYtOGY4OC0zNDM2M2JjN2M0YzAiOnsiY3JlYXRlIjo1NDAwMDAwMDAwMDAwLCJkZWxldGUiOjU0MDAwMDAwMDAwMDAsInJlYWQiOjMwMDAwMDAwMDAwMCwidXBkYXRlIjo1NDAwMDAwMDAwMDAwfX0="
        }
      ]
    }
  ],
  "check_results": null
}
